
Microsoft Visual Studio Solution File, Format Version 12.00
# Visual Studio Version 17
VisualStudioVersion = 17.7.34031.279
MinimumVisualStudioVersion = 10.0.40219.1
Project("{FAE04EC0-301F-11D3-BF4B-00C04F79EFBC}") = "Lab", "Lab.csproj", "{A451A29C-22C9-4A72-9BF0-57E6A47F2886}"
EndProject
Project("{FAE04EC0-301F-11D3-BF4B-00C04F79EFBC}") = "LabTests", "..\LabTests\LabTests.csproj", "{3C8FF2D2-4A36-4F7A-8EB3-32EAFE5A304D}"
EndProject
Global
	GlobalSection(SolutionConfigurationPlatforms) = preSolution
		Debug|Any CPU = Debug|Any CPU
		Release|Any CPU = Release|Any CPU
	EndGlobalSection
	GlobalSection(ProjectConfigurationPlatforms) = postSolution
		{A451A29C-22C9-4A72-9BF0-57E6A47F2886}.Debug|Any CPU.ActiveCfg = Debug|Any CPU
		{A451A29C-22C9-4A72-9BF0-57E6A47F2886}.Debug|Any CPU.Build.0 = Debug|Any CPU
		{A451A29C-22C9-4A72-9BF0-57E6A47F2886}.Release|Any CPU.ActiveCfg = Release|Any CPU
		{A451A29C-22C9-4A72-9BF0-57E6A47F2886}.Release|Any CPU.Build.0 = Release|Any CPU
		{3C8FF2D2-4A36-4F7A-8EB3-32EAFE5A304D}.Debug|Any CPU.ActiveCfg = Debug|Any CPU
		{3C8FF2D2-4A36-4F7A-8EB3-32EAFE5A304D}.Debug|Any CPU.Build.0 = Debug|Any CPU
		{3C8FF2D2-4A36-4F7A-8EB3-32EAFE5A304D}.Release|Any CPU.ActiveCfg = Release|Any CPU
		{3C8FF2D2-4A36-4F7A-8EB3-32EAFE5A304D}.Release|Any CPU.Build.0 = Release|Any CPU
	EndGlobalSection
	GlobalSection(SolutionProperties) = preSolution
		HideSolutionNode = FALSE
	EndGlobalSection
	GlobalSection(ExtensibilityGlobals) = postSolution
		SolutionGuid = {BD754DF6-A30E-40CD-900D-57EE21C4CDB6}
	EndGlobalSection
EndGlobal
